
Microsoft Visual Studio Solution File, Format Version 12.00
# Visual Studio 15
Project("{FAE04EC0-301F-11D3-BF4B-00C04F79EFBC}") = "Assembly-CSharp", "Assembly-CSharp.csproj", "{0AC6FF85-1DFA-AABD-6899-033960062255}"
EndProject
Project("{FAE04EC0-301F-11D3-BF4B-00C04F79EFBC}") = "Assembly-CSharp-Editor", "Assembly-CSharp-Editor.csproj", "{ACDE1E86-9382-6F10-CA8A-B6996707C010}"
EndProject
Global
	GlobalSection(SolutionConfigurationPlatforms) = preSolution
		Debug|Any CPU = Debug|Any CPU
		Release|Any CPU = Release|Any CPU
	EndGlobalSection
	GlobalSection(ProjectConfigurationPlatforms) = postSolution
		{0AC6FF85-1DFA-AABD-6899-033960062255}.Debug|Any CPU.ActiveCfg = Debug|Any CPU
		{0AC6FF85-1DFA-AABD-6899-033960062255}.Debug|Any CPU.Build.0 = Debug|Any CPU
		{0AC6FF85-1DFA-AABD-6899-033960062255}.Release|Any CPU.ActiveCfg = Release|Any CPU
		{0AC6FF85-1DFA-AABD-6899-033960062255}.Release|Any CPU.Build.0 = Release|Any CPU
		{ACDE1E86-9382-6F10-CA8A-B6996707C010}.Debug|Any CPU.ActiveCfg = Debug|Any CPU
		{ACDE1E86-9382-6F10-CA8A-B6996707C010}.Debug|Any CPU.Build.0 = Debug|Any CPU
		{ACDE1E86-9382-6F10-CA8A-B6996707C010}.Release|Any CPU.ActiveCfg = Release|Any CPU
		{ACDE1E86-9382-6F10-CA8A-B6996707C010}.Release|Any CPU.Build.0 = Release|Any CPU
	EndGlobalSection
	GlobalSection(SolutionProperties) = preSolution
		HideSolutionNode = FALSE
	EndGlobalSection
EndGlobal
